
Microsoft Visual Studio Solution File, Format Version 12.00
# Visual Studio Version 17
VisualStudioVersion = 17.6.33723.286
MinimumVisualStudioVersion = 10.0.40219.1
Project("{FAE04EC0-301F-11D3-BF4B-00C04F79EFBC}") = "SkeUniversity", "SkeUniversity\SkeUniversity.csproj", "{B80B52DC-BD91-4170-B75F-F5769D2398B3}"
EndProject
Global
	GlobalSection(SolutionConfigurationPlatforms) = preSolution
		Debug|Any CPU = Debug|Any CPU
		Release|Any CPU = Release|Any CPU
	EndGlobalSection
	GlobalSection(ProjectConfigurationPlatforms) = postSolution
		{B80B52DC-BD91-4170-B75F-F5769D2398B3}.Debug|Any CPU.ActiveCfg = Debug|Any CPU
		{B80B52DC-BD91-4170-B75F-F5769D2398B3}.Debug|Any CPU.Build.0 = Debug|Any CPU
		{B80B52DC-BD91-4170-B75F-F5769D2398B3}.Release|Any CPU.ActiveCfg = Release|Any CPU
		{B80B52DC-BD91-4170-B75F-F5769D2398B3}.Release|Any CPU.Build.0 = Release|Any CPU
	EndGlobalSection
	GlobalSection(SolutionProperties) = preSolution
		HideSolutionNode = FALSE
	EndGlobalSection
	GlobalSection(ExtensibilityGlobals) = postSolution
		SolutionGuid = {1E3F6F7F-1811-4C1F-8A72-379A6C65413B}
	EndGlobalSection
EndGlobal
